
Microsoft Visual Studio Solution File, Format Version 10.00
# Visual Studio 2008
Project("{E24C65DC-7377-472B-9ABA-BC803B73C61A}") = "WebSite3", "..\..\WebSites\WebSite3\", "{683648E6-0EC0-4B34-AED8-D48A4616A51B}"
	ProjectSection(WebsiteProperties) = preProject
		TargetFramework = "3.5"
		Debug.AspNetCompiler.VirtualPath = "/WebSite3"
		Debug.AspNetCompiler.PhysicalPath = "..\..\WebSites\WebSite3\"
		Debug.AspNetCompiler.TargetPath = "PrecompiledWeb\WebSite3\"
		Debug.AspNetCompiler.Updateable = "true"
		Debug.AspNetCompiler.ForceOverwrite = "true"
		Debug.AspNetCompiler.FixedNames = "false"
		Debug.AspNetCompiler.Debug = "True"
		Release.AspNetCompiler.VirtualPath = "/WebSite3"
		Release.AspNetCompiler.PhysicalPath = "..\..\WebSites\WebSite3\"
		Release.AspNetCompiler.TargetPath = "PrecompiledWeb\WebSite3\"
		Release.AspNetCompiler.Updateable = "true"
		Release.AspNetCompiler.ForceOverwrite = "true"
		Release.AspNetCompiler.FixedNames = "false"
		Release.AspNetCompiler.Debug = "False"
		VWDPort = "2021"
		DefaultWebSiteLanguage = "Visual C#"
	EndProjectSection
EndProject
Project("{E24C65DC-7377-472B-9ABA-BC803B73C61A}") = "WebSite4", "..\..\WebSites\WebSite4\", "{40B9E489-D64B-484E-BFDB-5E271AA96BEC}"
	ProjectSection(WebsiteProperties) = preProject
		TargetFramework = "3.5"
		Debug.AspNetCompiler.VirtualPath = "/WebSite4"
		Debug.AspNetCompiler.PhysicalPath = "..\..\WebSites\WebSite4\"
		Debug.AspNetCompiler.TargetPath = "PrecompiledWeb\WebSite4\"
		Debug.AspNetCompiler.Updateable = "true"
		Debug.AspNetCompiler.ForceOverwrite = "true"
		Debug.AspNetCompiler.FixedNames = "false"
		Debug.AspNetCompiler.Debug = "True"
		Release.AspNetCompiler.VirtualPath = "/WebSite4"
		Release.AspNetCompiler.PhysicalPath = "..\..\WebSites\WebSite4\"
		Release.AspNetCompiler.TargetPath = "PrecompiledWeb\WebSite4\"
		Release.AspNetCompiler.Updateable = "true"
		Release.AspNetCompiler.ForceOverwrite = "true"
		Release.AspNetCompiler.FixedNames = "false"
		Release.AspNetCompiler.Debug = "False"
		VWDPort = "2247"
		DefaultWebSiteLanguage = "Visual C#"
	EndProjectSection
EndProject
Global
	GlobalSection(SolutionConfigurationPlatforms) = preSolution
		Debug|.NET = Debug|.NET
	EndGlobalSection
	GlobalSection(ProjectConfigurationPlatforms) = postSolution
		{683648E6-0EC0-4B34-AED8-D48A4616A51B}.Debug|.NET.ActiveCfg = Debug|.NET
		{683648E6-0EC0-4B34-AED8-D48A4616A51B}.Debug|.NET.Build.0 = Debug|.NET
		{40B9E489-D64B-484E-BFDB-5E271AA96BEC}.Debug|.NET.ActiveCfg = Debug|.NET
		{40B9E489-D64B-484E-BFDB-5E271AA96BEC}.Debug|.NET.Build.0 = Debug|.NET
	EndGlobalSection
	GlobalSection(SolutionProperties) = preSolution
		HideSolutionNode = FALSE
	EndGlobalSection
EndGlobal
